
Microsoft Visual Studio Solution File, Format Version 12.00
# Visual Studio Version 17
VisualStudioVersion = 17.9.34728.123
MinimumVisualStudioVersion = 10.0.40219.1
Project("{FAE04EC0-301F-11D3-BF4B-00C04F79EFBC}") = "MCD", "MCD\MCD.csproj", "{F1328328-2053-4788-B02C-4D5E3BC3A545}"
EndProject
Project("{FAE04EC0-301F-11D3-BF4B-00C04F79EFBC}") = "UnitTestProject1", "UnitTestProject1\UnitTestProject1.csproj", "{945FBBB2-736A-430C-96AB-1453E2D2596B}"
EndProject
Global
	GlobalSection(SolutionConfigurationPlatforms) = preSolution
		Debug|Any CPU = Debug|Any CPU
		Release|Any CPU = Release|Any CPU
	EndGlobalSection
	GlobalSection(ProjectConfigurationPlatforms) = postSolution
		{F1328328-2053-4788-B02C-4D5E3BC3A545}.Debug|Any CPU.ActiveCfg = Debug|Any CPU
		{F1328328-2053-4788-B02C-4D5E3BC3A545}.Debug|Any CPU.Build.0 = Debug|Any CPU
		{F1328328-2053-4788-B02C-4D5E3BC3A545}.Release|Any CPU.ActiveCfg = Release|Any CPU
		{F1328328-2053-4788-B02C-4D5E3BC3A545}.Release|Any CPU.Build.0 = Release|Any CPU
		{945FBBB2-736A-430C-96AB-1453E2D2596B}.Debug|Any CPU.ActiveCfg = Debug|Any CPU
		{945FBBB2-736A-430C-96AB-1453E2D2596B}.Debug|Any CPU.Build.0 = Debug|Any CPU
		{945FBBB2-736A-430C-96AB-1453E2D2596B}.Release|Any CPU.ActiveCfg = Release|Any CPU
		{945FBBB2-736A-430C-96AB-1453E2D2596B}.Release|Any CPU.Build.0 = Release|Any CPU
	EndGlobalSection
	GlobalSection(SolutionProperties) = preSolution
		HideSolutionNode = FALSE
	EndGlobalSection
	GlobalSection(ExtensibilityGlobals) = postSolution
		SolutionGuid = {FDC18F68-319B-4D40-B05A-E6AC53531E70}
	EndGlobalSection
EndGlobal
